
Microsoft Visual Studio Solution File, Format Version 12.00
# Visual Studio Version 16
VisualStudioVersion = 16.0.29020.237
MinimumVisualStudioVersion = 10.0.40219.1
Project("{FAE04EC0-301F-11D3-BF4B-00C04F79EFBC}") = "ADODotnetwithASPDotnetCore", "ADODotnetwithASPDotnetCore\ADODotnetwithASPDotnetCore.csproj", "{87ACB585-E9B7-47BE-895F-46885845FEA7}"
EndProject
Global
	GlobalSection(SolutionConfigurationPlatforms) = preSolution
		Debug|Any CPU = Debug|Any CPU
		Release|Any CPU = Release|Any CPU
	EndGlobalSection
	GlobalSection(ProjectConfigurationPlatforms) = postSolution
		{87ACB585-E9B7-47BE-895F-46885845FEA7}.Debug|Any CPU.ActiveCfg = Debug|Any CPU
		{87ACB585-E9B7-47BE-895F-46885845FEA7}.Debug|Any CPU.Build.0 = Debug|Any CPU
		{87ACB585-E9B7-47BE-895F-46885845FEA7}.Release|Any CPU.ActiveCfg = Release|Any CPU
		{87ACB585-E9B7-47BE-895F-46885845FEA7}.Release|Any CPU.Build.0 = Release|Any CPU
	EndGlobalSection
	GlobalSection(SolutionProperties) = preSolution
		HideSolutionNode = FALSE
	EndGlobalSection
	GlobalSection(ExtensibilityGlobals) = postSolution
		SolutionGuid = {B7AFD220-33F8-4CB5-AB2C-5AAB8DE6CC92}
	EndGlobalSection
EndGlobal
